{
  "version": "2",
  "remote": {
    "https://deno.land/std@v0.171.0/_util/asserts.ts": "178dfc49a464aee693a7e285567b3d0b555dc805ff490505a8aae34f9cfb1462",
    "https://deno.land/std@v0.171.0/bytes/concat.ts": "d26d6f3d7922e6d663dacfcd357563b7bf4a380ce5b9c2bbe0c8586662f25ce2",
    "https://deno.land/std@v0.171.0/collections/filter_values.ts": "5b9feaf17b9a6e5ffccdd36cf6f38fa4ffa94cff2602d381c2ad0c2a97929652",
    "https://deno.land/std@v0.171.0/collections/without_all.ts": "a89f5da0b5830defed4f59666e188df411d8fece35a5f6ca69be6ca71a95c185",
    "https://deno.land/std@v0.171.0/dotenv/mod.ts": "6e1dbc4737e3f62a5c1f3d2a26a0e5626fb168a198375bef574fedbe86a79f20",
    "https://deno.land/std@v0.171.0/uuid/_common.ts": "cb1441f4df460571fc0919e1c5c217f3e7006189b703caf946604b3f791ae34d",
    "https://deno.land/std@v0.171.0/uuid/mod.ts": "cd4da71beaa7ebfaa575ecb42e24e792559b65d8927e612c13b6ac5d1306f8bb",
    "https://deno.land/std@v0.171.0/uuid/v1.ts": "fe36009afce7ced96e1b5928565e12c5a8eb0df1a2b5063c0a72bda6b75c0de5",
    "https://deno.land/std@v0.171.0/uuid/v4.ts": "0f081880c156fd59b9e44e2f84ea0f94a3627e89c224eaf6cc982b53d849f37e",
    "https://deno.land/std@v0.171.0/uuid/v5.ts": "10558a9c09a06b86fef9e61205180b9585ec4fe3fed7d696e675b8e118f74e8e",
    "https://deno.land/x/bcrypt@v0.4.1/mod.ts": "ff09bdae282583cf5f7d87efe37ddcecef7f14f6d12e8b8066a3058db8c6c2f7",
    "https://deno.land/x/bcrypt@v0.4.1/src/bcrypt/base64.ts": "b8266450a4f1eb6960f60f2f7986afc4dde6b45bd2d7ee7ba10789e67e17b9f7",
    "https://deno.land/x/bcrypt@v0.4.1/src/bcrypt/bcrypt.ts": "ec221648cc6453ea5e3803bc817c01157dada06aa6f7a0ba6b9f87aae32b21e2",
    "https://deno.land/x/bcrypt@v0.4.1/src/main.ts": "08d201b289c8d9c46f8839c69cd6625b213863db29775c7a200afc3b540e64f8"
  },
  "npm": {
    "specifiers": {
      "@supabase/supabase-js": "@supabase/supabase-js@2.4.0",
      "prisma": "prisma@4.8.1"
    },
    "packages": {
      "@prisma/engines@4.8.1": {
        "integrity": "sha512-93tctjNXcIS+i/e552IO6tqw17sX8liivv8WX9lDMCpEEe3ci+nT9F+1oHtAafqruXLepKF80i/D20Mm+ESlOw==",
        "dependencies": {}
      },
      "@supabase/functions-js@2.0.0": {
        "integrity": "sha512-ozb7bds2yvf5k7NM2ZzUkxvsx4S4i2eRKFSJetdTADV91T65g4gCzEs9L3LUXSrghcGIkUaon03VPzOrFredqg==",
        "dependencies": { "cross-fetch": "cross-fetch@3.1.5" }
      },
      "@supabase/gotrue-js@2.6.2": {
        "integrity": "sha512-ZUSbTe2SPPztOxFA4BjLncYVpAvTATgIdxQj8y1FDd43aqOh30bDzigIM0f1jMRMrGtcVFFOzRpp9TV7HUSitQ==",
        "dependencies": { "cross-fetch": "cross-fetch@3.1.5" }
      },
      "@supabase/postgrest-js@1.1.1": {
        "integrity": "sha512-jhdBah1JIxkZUp+5QH5JS7Uq9teGwh0Bs3FzbhnVlH619FSUFquTpHuNDxLsJmqEe8r3Wcnw19Dz0t3wEpkfug==",
        "dependencies": { "cross-fetch": "cross-fetch@3.1.5" }
      },
      "@supabase/realtime-js@2.3.1": {
        "integrity": "sha512-AX4pzZozVPvHAWfPcKl0UWj19pqwogD9TnCEHq1x/6oQjVoqA3n6H+1Ea2of9MheSroajHguaQMen3xLEoWrug==",
        "dependencies": {
          "@types/phoenix": "@types/phoenix@1.5.4",
          "websocket": "websocket@1.0.34"
        }
      },
      "@supabase/storage-js@2.1.0": {
        "integrity": "sha512-bRMLWCbkkx84WDAtHAAMN7FAWuayrGZtTHj/WMUK6PsAWuonovvEa5s34a5iux61qJSn+ls3tFkyQgqxunl5ww==",
        "dependencies": { "cross-fetch": "cross-fetch@3.1.5" }
      },
      "@supabase/supabase-js@2.4.0": {
        "integrity": "sha512-fouVDoTcxM4/xEsh2iaR0wr0liwER7Pth8pvmbqqm7JVDLd2Z3+ie+k9fesg0OAd8VR1plOi80gdjxYm/ZIYMA==",
        "dependencies": {
          "@supabase/functions-js": "@supabase/functions-js@2.0.0",
          "@supabase/gotrue-js": "@supabase/gotrue-js@2.6.2",
          "@supabase/postgrest-js": "@supabase/postgrest-js@1.1.1",
          "@supabase/realtime-js": "@supabase/realtime-js@2.3.1",
          "@supabase/storage-js": "@supabase/storage-js@2.1.0",
          "cross-fetch": "cross-fetch@3.1.5"
        }
      },
      "@types/phoenix@1.5.4": {
        "integrity": "sha512-L5eZmzw89eXBKkiqVBcJfU1QGx9y+wurRIEgt0cuLH0hwNtVUxtx+6cu0R2STwWj468sjXyBYPYDtGclUd1kjQ==",
        "dependencies": {}
      },
      "bufferutil@4.0.7": {
        "integrity": "sha512-kukuqc39WOHtdxtw4UScxF/WVnMFVSQVKhtx3AjZJzhd0RGZZldcrfSEbVsWWe6KNH253574cq5F+wpv0G9pJw==",
        "dependencies": { "node-gyp-build": "node-gyp-build@4.6.0" }
      },
      "cross-fetch@3.1.5": {
        "integrity": "sha512-lvb1SBsI0Z7GDwmuid+mU3kWVBwTVUbe7S0H52yaaAdQOXq2YktTCZdlAcNKFzE6QtRz0snpw9bNiPeOIkkQvw==",
        "dependencies": { "node-fetch": "node-fetch@2.6.7" }
      },
      "d@1.0.1": {
        "integrity": "sha512-m62ShEObQ39CfralilEQRjH6oAMtNCV1xJyEx5LpRYUVN+EviphDgUc/F3hnYbADmkiNs67Y+3ylmlG7Lnu+FA==",
        "dependencies": { "es5-ext": "es5-ext@0.10.62", "type": "type@1.2.0" }
      },
      "debug@2.6.9": {
        "integrity": "sha512-bC7ElrdJaJnPbAP+1EotYvqZsb3ecl5wi6Bfi6BJTUcNowp6cvspg0jXznRTKDjm/E7AdgFBVeAPVMNcKGsHMA==",
        "dependencies": { "ms": "ms@2.0.0" }
      },
      "es5-ext@0.10.62": {
        "integrity": "sha512-BHLqn0klhEpnOKSrzn/Xsz2UIW8j+cGmo9JLzr8BiUapV8hPL9+FliFqjwr9ngW7jWdnxv6eO+/LqyhJVqgrjA==",
        "dependencies": {
          "es6-iterator": "es6-iterator@2.0.3",
          "es6-symbol": "es6-symbol@3.1.3",
          "next-tick": "next-tick@1.1.0"
        }
      },
      "es6-iterator@2.0.3": {
        "integrity": "sha512-zw4SRzoUkd+cl+ZoE15A9o1oQd920Bb0iOJMQkQhl3jNc03YqVjAhG7scf9C5KWRU/R13Orf588uCC6525o02g==",
        "dependencies": {
          "d": "d@1.0.1",
          "es5-ext": "es5-ext@0.10.62",
          "es6-symbol": "es6-symbol@3.1.3"
        }
      },
      "es6-symbol@3.1.3": {
        "integrity": "sha512-NJ6Yn3FuDinBaBRWl/q5X/s4koRHBrgKAu+yGI6JCBeiu3qrcbJhwT2GeR/EXVfylRk8dpQVJoLEFhK+Mu31NA==",
        "dependencies": { "d": "d@1.0.1", "ext": "ext@1.7.0" }
      },
      "ext@1.7.0": {
        "integrity": "sha512-6hxeJYaL110a9b5TEJSj0gojyHQAmA2ch5Os+ySCiA1QGdS697XWY1pzsrSjqA9LDEEgdB/KypIlR59RcLuHYw==",
        "dependencies": { "type": "type@2.7.2" }
      },
      "is-typedarray@1.0.0": {
        "integrity": "sha512-cyA56iCMHAh5CdzjJIa4aohJyeO1YbwLi3Jc35MmRU6poroFjIGZzUzupGiRPOjgHg9TLu43xbpwXk523fMxKA==",
        "dependencies": {}
      },
      "ms@2.0.0": {
        "integrity": "sha512-Tpp60P6IUJDTuOq/5Z8cdskzJujfwqfOTkrwIwj7IRISpnkJnT6SyJ4PCPnGMoFjC9ddhal5KVIYtAt97ix05A==",
        "dependencies": {}
      },
      "next-tick@1.1.0": {
        "integrity": "sha512-CXdUiJembsNjuToQvxayPZF9Vqht7hewsvy2sOWafLvi2awflj9mOC6bHIg50orX8IJvWKY9wYQ/zB2kogPslQ==",
        "dependencies": {}
      },
      "node-fetch@2.6.7": {
        "integrity": "sha512-ZjMPFEfVx5j+y2yF35Kzx5sF7kDzxuDj6ziH4FFbOp87zKDZNx8yExJIb05OGF4Nlt9IHFIMBkRl41VdvcNdbQ==",
        "dependencies": { "whatwg-url": "whatwg-url@5.0.0" }
      },
      "node-gyp-build@4.6.0": {
        "integrity": "sha512-NTZVKn9IylLwUzaKjkas1e4u2DLNcV4rdYagA4PWdPwW87Bi7z+BznyKSRwS/761tV/lzCGXplWsiaMjLqP2zQ==",
        "dependencies": {}
      },
      "prisma@4.8.1": {
        "integrity": "sha512-ZMLnSjwulIeYfaU1O6/LF6PEJzxN5par5weykxMykS9Z6ara/j76JH3Yo2AH3bgJbPN4Z6NeCK9s5fDkzf33cg==",
        "dependencies": { "@prisma/engines": "@prisma/engines@4.8.1" }
      },
      "tr46@0.0.3": {
        "integrity": "sha512-N3WMsuqV66lT30CrXNbEjx4GEwlow3v6rr4mCcv6prnfwhS01rkgyFdjPNBYd9br7LpXV1+Emh01fHnq2Gdgrw==",
        "dependencies": {}
      },
      "type@1.2.0": {
        "integrity": "sha512-+5nt5AAniqsCnu2cEQQdpzCAh33kVx8n0VoFidKpB1dVVLAN/F+bgVOqOJqOnEnrhp222clB5p3vUlD+1QAnfg==",
        "dependencies": {}
      },
      "type@2.7.2": {
        "integrity": "sha512-dzlvlNlt6AXU7EBSfpAscydQ7gXB+pPGsPnfJnZpiNJBDj7IaJzQlBZYGdEi4R9HmPdBv2XmWJ6YUtoTa7lmCw==",
        "dependencies": {}
      },
      "typedarray-to-buffer@3.1.5": {
        "integrity": "sha512-zdu8XMNEDepKKR+XYOXAVPtWui0ly0NtohUscw+UmaHiAWT8hrV1rr//H6V+0DvJ3OQ19S979M0laLfX8rm82Q==",
        "dependencies": { "is-typedarray": "is-typedarray@1.0.0" }
      },
      "utf-8-validate@5.0.10": {
        "integrity": "sha512-Z6czzLq4u8fPOyx7TU6X3dvUZVvoJmxSQ+IcrlmagKhilxlhZgxPK6C5Jqbkw1IDUmFTM+cz9QDnnLTwDz/2gQ==",
        "dependencies": { "node-gyp-build": "node-gyp-build@4.6.0" }
      },
      "webidl-conversions@3.0.1": {
        "integrity": "sha512-2JAn3z8AR6rjK8Sm8orRC0h/bcl/DqL7tRPdGZ4I1CjdF+EaMLmYxBHyXuKL849eucPFhvBoxMsflfOb8kxaeQ==",
        "dependencies": {}
      },
      "websocket@1.0.34": {
        "integrity": "sha512-PRDso2sGwF6kM75QykIesBijKSVceR6jL2G8NGYyq2XrItNC2P5/qL5XeR056GhA+Ly7JMFvJb9I312mJfmqnQ==",
        "dependencies": {
          "bufferutil": "bufferutil@4.0.7",
          "debug": "debug@2.6.9",
          "es5-ext": "es5-ext@0.10.62",
          "typedarray-to-buffer": "typedarray-to-buffer@3.1.5",
          "utf-8-validate": "utf-8-validate@5.0.10",
          "yaeti": "yaeti@0.0.6"
        }
      },
      "whatwg-url@5.0.0": {
        "integrity": "sha512-saE57nupxk6v3HY35+jzBwYa0rKSy0XR8JSxZPwgLr7ys0IBzhGviA1/TUGJLmSVqs8pb9AnvICXEuOHLprYTw==",
        "dependencies": {
          "tr46": "tr46@0.0.3",
          "webidl-conversions": "webidl-conversions@3.0.1"
        }
      },
      "yaeti@0.0.6": {
        "integrity": "sha512-MvQa//+KcZCUkBTIC9blM+CU9J2GzuTytsOUwf2lidtvkx/6gnEp1QvJv34t9vdjhFmha/mUiNDbN0D0mJWdug==",
        "dependencies": {}
      }
    }
  }
}
